
Microsoft Visual Studio Solution File, Format Version 12.00
# Visual Studio Version 17
VisualStudioVersion = 17.13.35931.197 d17.13
MinimumVisualStudioVersion = 10.0.40219.1
Project("{FAE04EC0-301F-11D3-BF4B-00C04F79EFBC}") = "WpfApp1", "WpfApp1.csproj", "{8B87153C-1552-4B1D-BCF8-B34CCDF45E25}"
EndProject
Global
	GlobalSection(SolutionConfigurationPlatforms) = preSolution
		Debug|Any CPU = Debug|Any CPU
		Release|Any CPU = Release|Any CPU
	EndGlobalSection
	GlobalSection(ProjectConfigurationPlatforms) = postSolution
		{8B87153C-1552-4B1D-BCF8-B34CCDF45E25}.Debug|Any CPU.ActiveCfg = Debug|Any CPU
		{8B87153C-1552-4B1D-BCF8-B34CCDF45E25}.Debug|Any CPU.Build.0 = Debug|Any CPU
		{8B87153C-1552-4B1D-BCF8-B34CCDF45E25}.Release|Any CPU.ActiveCfg = Release|Any CPU
		{8B87153C-1552-4B1D-BCF8-B34CCDF45E25}.Release|Any CPU.Build.0 = Release|Any CPU
	EndGlobalSection
	GlobalSection(SolutionProperties) = preSolution
		HideSolutionNode = FALSE
	EndGlobalSection
	GlobalSection(ExtensibilityGlobals) = postSolution
		SolutionGuid = {733600D1-A52C-42E8-A63C-B1896468C633}
	EndGlobalSection
EndGlobal
